PODS:
  - BigInt (5.2.0)
  - CryptoSwift (0.10.0)
  - SwiftLint (0.51.0)
  - SwiftProtobuf (1.25.2)
  - TrezorCrypto (0.0.9)
  - TrustCore (0.2.2):
    - BigInt
    - SwiftProtobuf (~> 1.0)
    - TrezorCrypto (~> 0.0.8)

DEPENDENCIES:
  - BigInt
  - CryptoSwift (~> 0.10.0)
  - SwiftLint
  - TrezorCrypto (~> 0.0.9)
  - TrustCore (from `https://github.com/TrustWallet/trust-core`, branch `master`)

SPEC REPOS:
  trunk:
    - BigInt
    - CryptoSwift
    - SwiftLint
    - SwiftProtobuf
    - TrezorCrypto

EXTERNAL SOURCES:
  TrustCore:
    :branch: master
    :git: https://github.com/TrustWallet/trust-core

CHECKOUT OPTIONS:
  TrustCore:
    :commit: 833ec3f263bb9b257b6ec04359cb98d1bae7cf17
    :git: https://github.com/TrustWallet/trust-core

SPEC CHECKSUMS:
  BigInt: f668a80089607f521586bbe29513d708491ef2f7
  CryptoSwift: 6c778d69282bed3b4e975ff97a79d074f20bb011
  SwiftLint: 1b7561918a19e23bfed960e40759086e70f4dba5
  SwiftProtobuf: 407a385e97fd206c4fbe880cc84123989167e0d1
  TrezorCrypto: bfeea47a052dca2c77d4a39e1e183865e52de14d
  TrustCore: 378c82221f4d28a75da133d049710f5030427176

PODFILE CHECKSUM: 807040ab51d57f3b98810158911bb6ba3527b77e

COCOAPODS: 1.14.3
